
Microsoft Visual Studio Solution File, Format Version 12.00
# Visual Studio Version 16
VisualStudioVersion = 16.0.30114.105
MinimumVisualStudioVersion = 10.0.40219.1
Project("{FAE04EC0-301F-11D3-BF4B-00C04F79EFBC}") = "GraphQL", "GraphQL\GraphQL.csproj", "{A7F1C655-0718-450D-8718-814D3EEC1D89}"
EndProject
Global
	GlobalSection(SolutionConfigurationPlatforms) = preSolution
		Debug|Any CPU = Debug|Any CPU
		Debug|x64 = Debug|x64
		Debug|x86 = Debug|x86
		Release|Any CPU = Release|Any CPU
		Release|x64 = Release|x64
		Release|x86 = Release|x86
	EndGlobalSection
	GlobalSection(SolutionProperties) = preSolution
		HideSolutionNode = FALSE
	EndGlobalSection
	GlobalSection(ProjectConfigurationPlatforms) = postSolution
		{A7F1C655-0718-450D-8718-814D3EEC1D89}.Debug|Any CPU.ActiveCfg = Debug|Any CPU
		{A7F1C655-0718-450D-8718-814D3EEC1D89}.Debug|Any CPU.Build.0 = Debug|Any CPU
		{A7F1C655-0718-450D-8718-814D3EEC1D89}.Debug|x64.ActiveCfg = Debug|Any CPU
		{A7F1C655-0718-450D-8718-814D3EEC1D89}.Debug|x64.Build.0 = Debug|Any CPU
		{A7F1C655-0718-450D-8718-814D3EEC1D89}.Debug|x86.ActiveCfg = Debug|Any CPU
		{A7F1C655-0718-450D-8718-814D3EEC1D89}.Debug|x86.Build.0 = Debug|Any CPU
		{A7F1C655-0718-450D-8718-814D3EEC1D89}.Release|Any CPU.ActiveCfg = Release|Any CPU
		{A7F1C655-0718-450D-8718-814D3EEC1D89}.Release|Any CPU.Build.0 = Release|Any CPU
		{A7F1C655-0718-450D-8718-814D3EEC1D89}.Release|x64.ActiveCfg = Release|Any CPU
		{A7F1C655-0718-450D-8718-814D3EEC1D89}.Release|x64.Build.0 = Release|Any CPU
		{A7F1C655-0718-450D-8718-814D3EEC1D89}.Release|x86.ActiveCfg = Release|Any CPU
		{A7F1C655-0718-450D-8718-814D3EEC1D89}.Release|x86.Build.0 = Release|Any CPU
	EndGlobalSection
EndGlobal
